<Solution>
  <Project Path="InterfaceDelegation/InterfaceDelegation.csproj" />
  <Project Path="InterfaceDelegation.Attribute/InterfaceDelegation.Attribute.csproj" />
  <Project Path="InterfaceDelegation.Generator/InterfaceDelegation.Generator.csproj" />
  <Project Path="Delegation.Tests/Delegation.Tests.csproj" />
  <Project Path="MemberExposure.Attribute/MemberExposure.Attribute.csproj" />
  <Project Path="MemberExposure.Generator/MemberExposure.Generator.csproj" />
</Solution>
